
Microsoft Visual Studio Solution File, Format Version 12.00
# Visual Studio Version 17
VisualStudioVersion = 17.3.32929.385
MinimumVisualStudioVersion = 10.0.40219.1
Project("{FAE04EC0-301F-11D3-BF4B-00C04F79EFBC}") = "ClientApp", "ClientApp\ClientApp.csproj", "{97D43028-554C-413C-B458-9300D2BB486C}"
EndProject
Project("{FAE04EC0-301F-11D3-BF4B-00C04F79EFBC}") = "ServerApp", "ServerApp\ServerApp.csproj", "{8D5E36DE-FA7E-431B-A766-135371FE0047}"
EndProject
Global
	GlobalSection(SolutionConfigurationPlatforms) = preSolution
		Debug|Any CPU = Debug|Any CPU
		Release|Any CPU = Release|Any CPU
	EndGlobalSection
	GlobalSection(ProjectConfigurationPlatforms) = postSolution
		{97D43028-554C-413C-B458-9300D2BB486C}.Debug|Any CPU.ActiveCfg = Debug|Any CPU
		{97D43028-554C-413C-B458-9300D2BB486C}.Debug|Any CPU.Build.0 = Debug|Any CPU
		{97D43028-554C-413C-B458-9300D2BB486C}.Release|Any CPU.ActiveCfg = Release|Any CPU
		{97D43028-554C-413C-B458-9300D2BB486C}.Release|Any CPU.Build.0 = Release|Any CPU
		{8D5E36DE-FA7E-431B-A766-135371FE0047}.Debug|Any CPU.ActiveCfg = Debug|Any CPU
		{8D5E36DE-FA7E-431B-A766-135371FE0047}.Debug|Any CPU.Build.0 = Debug|Any CPU
		{8D5E36DE-FA7E-431B-A766-135371FE0047}.Release|Any CPU.ActiveCfg = Release|Any CPU
		{8D5E36DE-FA7E-431B-A766-135371FE0047}.Release|Any CPU.Build.0 = Release|Any CPU
	EndGlobalSection
	GlobalSection(SolutionProperties) = preSolution
		HideSolutionNode = FALSE
	EndGlobalSection
	GlobalSection(ExtensibilityGlobals) = postSolution
		SolutionGuid = {7D20233E-ACF9-474D-88AD-1C7F9D8D48F2}
	EndGlobalSection
EndGlobal
